
Microsoft Visual Studio Solution File, Format Version 12.00
# Visual Studio Version 17
VisualStudioVersion = 17.5.33627.172
MinimumVisualStudioVersion = 10.0.40219.1
Project("{FAE04EC0-301F-11D3-BF4B-00C04F79EFBC}") = "ConsoleApp1", "ConsoleApp1.csproj", "{D185455D-CAC5-4DF7-9452-F0E295DF5687}"
EndProject
Global
	GlobalSection(SolutionConfigurationPlatforms) = preSolution
		Debug|Any CPU = Debug|Any CPU
		Release|Any CPU = Release|Any CPU
	EndGlobalSection
	GlobalSection(ProjectConfigurationPlatforms) = postSolution
		{D185455D-CAC5-4DF7-9452-F0E295DF5687}.Debug|Any CPU.ActiveCfg = Debug|Any CPU
		{D185455D-CAC5-4DF7-9452-F0E295DF5687}.Debug|Any CPU.Build.0 = Debug|Any CPU
		{D185455D-CAC5-4DF7-9452-F0E295DF5687}.Release|Any CPU.ActiveCfg = Release|Any CPU
		{D185455D-CAC5-4DF7-9452-F0E295DF5687}.Release|Any CPU.Build.0 = Release|Any CPU
	EndGlobalSection
	GlobalSection(SolutionProperties) = preSolution
		HideSolutionNode = FALSE
	EndGlobalSection
	GlobalSection(ExtensibilityGlobals) = postSolution
		SolutionGuid = {394EAC8E-CEF5-446B-8463-F8A40AA72DF5}
	EndGlobalSection
EndGlobal
